github.com/golang/protobuf v1.5.0/go.mod h1:FsONVRAS9T7sI+LIUmWTfcYkHO4aIWwzhcaSAoJOfIk=
github.com/golang/protobuf v1.5.2 h1:ROPKBNFfQgOUMifHyP+KYbvpjbdoFNs+aK7DXlji0Tw=
github.com/golang/protobuf v1.5.2/go.mod h1:XVQd3VNwM+JqD3oG2Ue2ip4fOMUkwXdXDdiuN0vRsmY=
github.com/google/go-cmp v0.5.5/go.mod h1:v8dTdLbMG2kIc/vJvl+f65V22dbkXbowE6jgT/gNBxE=
github.com/google/go-cmp v0.5.6 h1:BKbKCqvP6I+rmFHt06ZmyQtvB8xAkWdhFyr0ZUNZcxQ=
github.com/opiproject/opi-api v0.0.0-20221004131627-0ce0fa11f18c h1:f+kOJUIbcYlZAWuBAlQgCJ4FS3qyj3MSgXoIhz7rymk=
github.com/opiproject/opi-api v0.0.0-20221004131627-0ce0fa11f18c/go.mod h1:92pv4ulvvPMuxCJ9ND3aYbmBfEMLx0VCjpkiR7ZTqPY=
github.com/opiproject/opi-api v0.0.0-20221011184854-9bc861df674d h1:odbgnONGyO1iUMiTUEvw52hjdYwkzNsAE6ey1MgQGhA=
github.com/opiproject/opi-api v0.0.0-20221011184854-9bc861df674d/go.mod h1:92pv4ulvvPMuxCJ9ND3aYbmBfEMLx0VCjpkiR7ZTqPY=
github.com/opiproject/opi-api v0.0.0-20221011191720-71dfd92661fb h1:5FlfaUP0fkZNDqf9zeTm0of3wEtr9nyBAh/t5P26sSE=
github.com/opiproject/opi-api v0.0.0-20221011191720-71dfd92661fb/go.mod h1:92pv4ulvvPMuxCJ9ND3aYbmBfEMLx0VCjpkiR7ZTqPY=
github.com/opiproject/opi-api v0.0.0-20221012134350-65199a33c618 h1:QqNWy1gTfdilpbM+BDh5ysR834Oy/7f2fuP0d/j7LgU=
github.com/opiproject/opi-api v0.0.0-20221012134350-65199a33c618/go.mod h1:92pv4ulvvPMuxCJ9ND3aYbmBfEMLx0VCjpkiR7ZTqPY=
github.com/opiproject/opi-api v0.0.0-20221014192412-69b132c4e5d3 h1:mVaFZygzzIHA+IAcCf7MyDRRc5HoCWM1g2Rf2b+oPww=
github.com/opiproject/opi-api v0.0.0-20221014192412-69b132c4e5d3/go.mod h1:92pv4ulvvPMuxCJ9ND3aYbmBfEMLx0VCjpkiR7ZTqPY=
github.com/opiproject/opi-api v0.0.0-20221017155427-c7e517faa5a0 h1:ynMdJLFlA4dr+gfoYEpwLC/VdUFDZOW2KOyyaSd24BU=
github.com/opiproject/opi-api v0.0.0-20221017155427-c7e517faa5a0/go.mod h1:92pv4ulvvPMuxCJ9ND3aYbmBfEMLx0VCjpkiR7ZTqPY=
github.com/opiproject/opi-api v0.0.0-20221018105255-1eaf24be7a73 h1:7+ofUSIINiguX2f2B7xRrYz9FnOuJ3q3FtkyCbroaqk=
github.com/opiproject/opi-api v0.0.0-20221018105255-1eaf24be7a73/go.mod h1:92pv4ulvvPMuxCJ9ND3aYbmBfEMLx0VCjpkiR7ZTqPY=
github.com/opiproject/opi-api v0.0.0-20221018124957-d2a93c1bd40b h1:y0xhg4YjcJ+FRYOnfl4d7kkaZa2zH1airB12MNxrbfk=
github.com/opiproject/opi-api v0.0.0-20221018124957-d2a93c1bd40b/go.mod h1:92pv4ulvvPMuxCJ9ND3aYbmBfEMLx0VCjpkiR7ZTqPY=
github.com/opiproject/opi-api v0.0.0-20221018203211-8703af0d8989 h1:UD/S9UWR9N/qfeuSBoCWjOzQuaIk+qov6WzUqvfp2Gk=
github.com/opiproject/opi-api v0.0.0-20221018203211-8703af0d8989/go.mod h1:92pv4ulvvPMuxCJ9ND3aYbmBfEMLx0VCjpkiR7ZTqPY=
github.com/opiproject/opi-api v0.0.0-20221027164521-c9df395a897f h1:tVoMNGfa1QkF3pXKy806swWDMNLpk4CuMvBRNS2bE4k=
github.com/opiproject/opi-api v0.0.0-20221027164521-c9df395a897f/go.mod h1:92pv4ulvvPMuxCJ9ND3aYbmBfEMLx0VCjpkiR7ZTqPY=
github.com/opiproject/opi-api v0.0.0-20221031174843-5ec9cbc60109 h1:AJaM4TojlIB2aY3gb63BpLo8bjDndjDwr7RRXt4Yk2A=
github.com/opiproject/opi-api v0.0.0-20221031174843-5ec9cbc60109/go.mod h1:92pv4ulvvPMuxCJ9ND3aYbmBfEMLx0VCjpkiR7ZTqPY=
github.com/opiproject/opi-api v0.0.0-20221101224637-22b77cdc0625 h1:CPjLzORRn+/k13+WA3m5tI1c/JytSY13Ua6AZcnCNUA=
github.com/opiproject/opi-api v0.0.0-20221101224637-22b77cdc0625/go.mod h1:92pv4ulvvPMuxCJ9ND3aYbmBfEMLx0VCjpkiR7ZTqPY=
github.com/opiproject/opi-api v0.0.0-20221102145024-1b5a67ca57ab h1:U616PUfDkuIq0BMo91SW8rxDJ0LbX3RdML86m2DZ6D4=
github.com/opiproject/opi-api v0.0.0-20221102145024-1b5a67ca57ab/go.mod h1:92pv4ulvvPMuxCJ9ND3aYbmBfEMLx0VCjpkiR7ZTqPY=
github.com/opiproject/opi-api v0.0.0-20221102195714-805c63e06611 h1:PvBuobh2upqclbr19wytX/Z4tShyFGwPEThJZ6IGEGk=
github.com/opiproject/opi-api v0.0.0-20221102195714-805c63e06611/go.mod h1:92pv4ulvvPMuxCJ9ND3aYbmBfEMLx0VCjpkiR7ZTqPY=
github.com/opiproject/opi-api v0.0.0-20221103150802-0d8816b9043a h1:yMMWNyyrRFhzf/MzJ5EyLjc8her0evWwXqe6a0Yt/SY=
github.com/opiproject/opi-api v0.0.0-20221103150802-0d8816b9043a/go.mod h1:92pv4ulvvPMuxCJ9ND3aYbmBfEMLx0VCjpkiR7ZTqPY=
github.com/opiproject/opi-api v0.0.0-20221104121526-bb436edcc035 h1:R+06hhbGxAg3qKg66mGxcBLiYhCxhVHH34jjMdeVNPU=
github.com/opiproject/opi-api v0.0.0-20221104121526-bb436edcc035/go.mod h1:92pv4ulvvPMuxCJ9ND3aYbmBfEMLx0VCjpkiR7ZTqPY=
github.com/opiproject/opi-api v0.0.0-20221107135546-363b2ecc99eb h1:YK7/lYJ0WzyCPP5NsS3+30ndxcEcZ/N8NQhzYtauA8k=
github.com/opiproject/opi-api v0.0.0-20221107135546-363b2ecc99eb/go.mod h1:92pv4ulvvPMuxCJ9ND3aYbmBfEMLx0VCjpkiR7ZTqPY=
github.com/opiproject/opi-api v0.0.0-20221108132726-72b6da21c09a h1:VeVARKHUwoVMvIevAOI30Jmjkyy1xQHsa+yNOi97mIU=
github.com/opiproject/opi-api v0.0.0-20221108132726-72b6da21c09a/go.mod h1:92pv4ulvvPMuxCJ9ND3aYbmBfEMLx0VCjpkiR7ZTqPY=
github.com/opiproject/opi-api v0.0.0-20221108151912-50dd35e8bdf9 h1:Se6voYPH0tFU4hPjMzzm/qi+fQ9bX7jUZxMvGooJcxQ=
github.com/opiproject/opi-api v0.0.0-20221108151912-50dd35e8bdf9/go.mod h1:92pv4ulvvPMuxCJ9ND3aYbmBfEMLx0VCjpkiR7ZTqPY=
github.com/opiproject/opi-api v0.0.0-20221108172248-8bc7b1116f8a h1:ZRG10EkYPLVZoh0Rj+frQlcoUr0ExtwucoGu09Ff5LU=
github.com/opiproject/opi-api v0.0.0-20221108172248-8bc7b1116f8a/go.mod h1:92pv4ulvvPMuxCJ9ND3aYbmBfEMLx0VCjpkiR7ZTqPY=
github.com/opiproject/opi-api v0.0.0-20221109134843-76522ac45e89 h1:yg9wTkuglnqdqMehhQ03o3FpYijUQrSvoWmtJq6+jHw=
github.com/opiproject/opi-api v0.0.0-20221109134843-76522ac45e89/go.mod h1:92pv4ulvvPMuxCJ9ND3aYbmBfEMLx0VCjpkiR7ZTqPY=
github.com/opiproject/opi-api v0.0.0-20221109154022-1fdb13d9f4f2 h1:yLjAQ8sQxLwP9Bg4C4ODlJcQzSZxbGeZ6o1N74lX7UI=
github.com/opiproject/opi-api v0.0.0-20221109154022-1fdb13d9f4f2/go.mod h1:92pv4ulvvPMuxCJ9ND3aYbmBfEMLx0VCjpkiR7ZTqPY=
github.com/opiproject/opi-api v0.0.0-20221109190423-124cf8307f41 h1:0xrGbSSxi6f90e67A1v8DY40teN3Lt8tv6hJBLkdusw=
github.com/opiproject/opi-api v0.0.0-20221109190423-124cf8307f41/go.mod h1:92pv4ulvvPMuxCJ9ND3aYbmBfEMLx0VCjpkiR7ZTqPY=
github.com/opiproject/opi-api v0.0.0-20221109211833-28e180c2b861 h1:nemJXB02Fba6ABy5jLwONhzNhVZZXKQjCp36dzS2vFs=
github.com/opiproject/opi-api v0.0.0-20221109211833-28e180c2b861/go.mod h1:92pv4ulvvPMuxCJ9ND3aYbmBfEMLx0VCjpkiR7ZTqPY=
github.com/opiproject/opi-api v0.0.0-20221110142707-ff3fb4ac5d06 h1:TTXcS3FrNS48InPw/f2R/NY6lhSNDqwoYZAzFOvTtEw=
github.com/opiproject/opi-api v0.0.0-20221110142707-ff3fb4ac5d06/go.mod h1:92pv4ulvvPMuxCJ9ND3aYbmBfEMLx0VCjpkiR7ZTqPY=
github.com/opiproject/opi-api v0.0.0-20221110181853-70e9b94f0639 h1:mScRVOSk125hN0ml4eUZ1CvDTYn2pBOc5c9l38Bn9DA=
github.com/opiproject/opi-api v0.0.0-20221110181853-70e9b94f0639/go.mod h1:92pv4ulvvPMuxCJ9ND3aYbmBfEMLx0VCjpkiR7ZTqPY=
github.com/opiproject/opi-api v0.0.0-20221111162909-12de4dd988a0 h1:mvnXHTF24rE3HYUrKjh6eAyrYbvi2augehpCFKwvaFU=
github.com/opiproject/opi-api v0.0.0-20221111162909-12de4dd988a0/go.mod h1:92pv4ulvvPMuxCJ9ND3aYbmBfEMLx0VCjpkiR7ZTqPY=
github.com/opiproject/opi-api v0.0.0-20221111230258-34e208409ec2 h1:AAgyJQOtuN5+PFajjhLZIVDfaTWZQ8t5u3tqTnK3nzE=
github.com/opiproject/opi-api v0.0.0-20221111230258-34e208409ec2/go.mod h1:92pv4ulvvPMuxCJ9ND3aYbmBfEMLx0VCjpkiR7ZTqPY=
github.com/opiproject/opi-api v0.0.0-20221114164938-b94e8f880124 h1:VYflLsXLNtMcNE4gpZJoME3Gu2bgWo9O6BbCtOhMajQ=
github.com/opiproject/opi-api v0.0.0-20221114164938-b94e8f880124/go.mod h1:92pv4ulvvPMuxCJ9ND3aYbmBfEMLx0VCjpkiR7ZTqPY=
github.com/opiproject/opi-api v0.0.0-20221115122823-23fcac6de230 h1:tGhXrmh8v8hoOHsUxy0fnryFNHN2GTNuO44k+xQsFHI=
github.com/opiproject/opi-api v0.0.0-20221115122823-23fcac6de230/go.mod h1:92pv4ulvvPMuxCJ9ND3aYbmBfEMLx0VCjpkiR7ZTqPY=
github.com/opiproject/opi-api v0.0.0-20221115234013-ffe4aadd66ca h1:vRYng2TL09Q/QAe3xn9gQS9KMdhSCLTzpTCenyRO/SY=
github.com/opiproject/opi-api v0.0.0-20221115234013-ffe4aadd66ca/go.mod h1:92pv4ulvvPMuxCJ9ND3aYbmBfEMLx0VCjpkiR7ZTqPY=
github.com/opiproject/opi-api v0.0.0-20221117170559-ca2c25b808b3 h1:5NztGQz+dkljZD1737jOmmsUA3Hcl+7mZpdcmR5Kn8s=
github.com/opiproject/opi-api v0.0.0-20221117170559-ca2c25b808b3/go.mod h1:92pv4ulvvPMuxCJ9ND3aYbmBfEMLx0VCjpkiR7ZTqPY=
github.com/strongswan/govici v0.6.0 h1:QAjc7IIx1c/1P0Hz7yMX91FB5BUNKtyXzfxpuPyBKXE=
github.com/strongswan/govici v0.6.0/go.mod h1:RgO/KrMlFNsRf3dSoxwWSDSV+ASd98n1T+2G3QMEVHE=
golang.org/x/net v0.0.0-20220805013720-a33c5aa5df48 h1:N9Vc/rorQUDes6B9CNdIxAn5jODGj2wzfrei2x4wNj4=
golang.org/x/net v0.0.0-20220805013720-a33c5aa5df48/go.mod h1:YDH+HFinaLZZlnHAfSS6ZXJJ9M9t4Dl22yv3iI2vPwk=
golang.org/x/sys v0.0.0-20220804214406-8e32c043e418 h1:9vYwv7OjYaky/tlAeD7C4oC9EsPTlaFl1H2jS++V+ME=
golang.org/x/sys v0.0.0-20220804214406-8e32c043e418/go.mod h1:oPkhp1MJrh7nUepCBck5+mAzfO9JrbApNNgaTdGDITg=
golang.org/x/text v0.3.7 h1:olpwvP2KacW1ZWvsR7uQhoyTYvKAupfQrRGBFM352Gk=
golang.org/x/text v0.3.7/go.mod h1:u+2+/6zg+i71rQMx5EYifcz6MCKuco9NR6JIITiCfzQ=
golang.org/x/text v0.4.0 h1:BrVqGRd7+k1DiOgtnFvAkoQEWQvBc25ouMJM6429SFg=
golang.org/x/text v0.4.0/go.mod h1:mrYo+phRRbMaCq/xk9113O4dZlRixOauAjOtrjsXDZ8=
golang.org/x/xerrors v0.0.0-20191204190536-9bdfabe68543/go.mod h1:I/5z698sn9Ka8TeJc9MKroUUfqBBauWjQqLJ2OPfmY0=
golang.org/x/xerrors v0.0.0-20200804184101-5ec99f83aff1 h1:go1bK/D/BFZV2I8cIQd1NKEZ+0owSTG1fDTci4IqFcE=
google.golang.org/genproto v0.0.0-20220805133916-01dd62135a58 h1:sRT5xdTkj1Kbk30qbYC7VyMj73N5pZYsw6v+Nrzdhno=
google.golang.org/genproto v0.0.0-20220805133916-01dd62135a58/go.mod h1:iHe1svFLAZg9VWz891+QbRMwUv9O/1Ww+/mngYeThbc=
google.golang.org/grpc v1.50.0 h1:fPVVDxY9w++VjTZsYvXWqEf9Rqar/e+9zYfxKK+W+YU=
google.golang.org/grpc v1.50.0/go.mod h1:ZgQEeidpAuNRZ8iRrlBKXZQP1ghovWIVhdJRyCDK+GI=
google.golang.org/grpc v1.50.1 h1:DS/BukOZWp8s6p4Dt/tOaJaTQyPyOoCcrjroHuCeLzY=
google.golang.org/grpc v1.50.1/go.mod h1:ZgQEeidpAuNRZ8iRrlBKXZQP1ghovWIVhdJRyCDK+GI=
google.golang.org/grpc v1.51.0 h1:E1eGv1FTqoLIdnBCZufiSHgKjlqG6fKFf6pPWtMTh8U=
google.golang.org/grpc v1.51.0/go.mod h1:wgNDFcnuBGmxLKI/qn4T+m5BtEBYXJPvibbUPsAIPww=
google.golang.org/protobuf v1.26.0-rc.1/go.mod h1:jlhhOSvTdKEhbULTjvd4ARK9grFBp09yW+WbY/TyQbw=
google.golang.org/protobuf v1.26.0/go.mod h1:9q0QmTI4eRPtz6boOQmLYwt+qCgq0jsYwAQnmE0givc=
google.golang.org/protobuf v1.28.1 h1:d0NfwRgPtno5B1Wa6L2DAG+KivqkdutMf1UhdNx175w=
google.golang.org/protobuf v1.28.1/go.mod h1:HV8QOd/L58Z+nl8r43ehVNZIU/HEI6OcFqwMG9pJV4I=
